
Microsoft Visual Studio Solution File, Format Version 12.00
# Visual Studio 2012
Project("{FAE04EC0-301F-11D3-BF4B-00C04F79EFBC}") = "SimpleDelegates", "SimpleDelegates\SimpleDelegates.csproj", "{8C331ADC-A090-4F7A-B256-797D8393FCFD}"
EndProject
Global
	GlobalSection(SolutionConfigurationPlatforms) = preSolution
		Debug|x86 = Debug|x86
		Release|x86 = Release|x86
	EndGlobalSection
	GlobalSection(ProjectConfigurationPlatforms) = postSolution
		{8C331ADC-A090-4F7A-B256-797D8393FCFD}.Debug|x86.ActiveCfg = Debug|x86
		{8C331ADC-A090-4F7A-B256-797D8393FCFD}.Debug|x86.Build.0 = Debug|x86
		{8C331ADC-A090-4F7A-B256-797D8393FCFD}.Release|x86.ActiveCfg = Release|x86
		{8C331ADC-A090-4F7A-B256-797D8393FCFD}.Release|x86.Build.0 = Release|x86
	EndGlobalSection
	GlobalSection(MonoDevelopProperties) = preSolution
		StartupItem = SimpleDelegates\SimpleDelegates.csproj
	EndGlobalSection
EndGlobal
